
Microsoft Visual Studio Solution File, Format Version 12.00
# Visual Studio Version 17
VisualStudioVersion = 17.0.31903.59
MinimumVisualStudioVersion = 10.0.40219.1
Project("{2150E333-8FDC-42A3-9474-1A3956D46DE8}") = "src", "src", "{C3C9619A-5769-4D1F-A1B7-4A52F435775B}"
EndProject
Project("{2150E333-8FDC-42A3-9474-1A3956D46DE8}") = "Shared", "Shared", "{472DDC07-46E6-4182-B198-DFC65AD3ABF5}"
EndProject
Project("{FAE04EC0-301F-11D3-BF4B-00C04F79EFBC}") = "TrueCodeTest.Shared.Auth", "src\Shared\TrueCodeTest.Shared.Auth\TrueCodeTest.Shared.Auth.csproj", "{AEF8EEC4-5023-4B77-8BFF-6B6600768A29}"
EndProject
Project("{FAE04EC0-301F-11D3-BF4B-00C04F79EFBC}") = "TrueCodeTest.Shared.Contracts", "src\Shared\TrueCodeTest.Shared.Contracts\TrueCodeTest.Shared.Contracts.csproj", "{63FFD081-CC05-4816-8A4D-3B98899D6B11}"
EndProject
Project("{FAE04EC0-301F-11D3-BF4B-00C04F79EFBC}") = "TrueCodeTest.Shared.Kernel", "src\Shared\TrueCodeTest.Shared.Kernel\TrueCodeTest.Shared.Kernel.csproj", "{28C85B97-D1ED-426B-8A87-DD58A7632D0A}"
EndProject
Project("{2150E333-8FDC-42A3-9474-1A3956D46DE8}") = "CurrencyFetcher", "CurrencyFetcher", "{2B36DA20-00D4-48B4-B395-6227444EE603}"
EndProject
Project("{FAE04EC0-301F-11D3-BF4B-00C04F79EFBC}") = "TrueCodeTest.CurrencyFetcher", "src\CurrencyFetcher\TrueCodeTest.CurrencyFetcher\TrueCodeTest.CurrencyFetcher.csproj", "{1DC0F34A-9CF2-4F4D-B824-FA1D6F1C14CF}"
EndProject
Project("{2150E333-8FDC-42A3-9474-1A3956D46DE8}") = "Finance", "Finance", "{BD497B33-1EBB-4A59-A090-0614E515A974}"
EndProject
Project("{FAE04EC0-301F-11D3-BF4B-00C04F79EFBC}") = "TrueCodeTest.Finance.Api", "src\Finance\TrueCodeTest.Finance.Api\TrueCodeTest.Finance.Api.csproj", "{3643DCAD-FD00-48B4-B737-DE90B7803B1E}"
EndProject
Project("{FAE04EC0-301F-11D3-BF4B-00C04F79EFBC}") = "TrueCodeTest.Finance.Application", "src\Finance\TrueCodeTest.Finance.Application\TrueCodeTest.Finance.Application.csproj", "{638ACA60-2925-4A58-999E-7BAF74AED636}"
EndProject
Project("{FAE04EC0-301F-11D3-BF4B-00C04F79EFBC}") = "TrueCodeTest.Finance.Contracts", "src\Finance\TrueCodeTest.Finance.Contracts\TrueCodeTest.Finance.Contracts.csproj", "{D980939B-F7E3-4460-BB4A-6B262FAD2738}"
EndProject
Project("{FAE04EC0-301F-11D3-BF4B-00C04F79EFBC}") = "TrueCodeTest.Finance.Domain", "src\Finance\TrueCodeTest.Finance.Domain\TrueCodeTest.Finance.Domain.csproj", "{1A4F835E-48B4-43E2-AF1C-18B5C0B2B0EB}"
EndProject
Project("{FAE04EC0-301F-11D3-BF4B-00C04F79EFBC}") = "TrueCodeTest.Finance.Infrastructure", "src\Finance\TrueCodeTest.Finance.Infrastructure\TrueCodeTest.Finance.Infrastructure.csproj", "{1219EAE5-F3AA-4A44-8855-95AD88A71A69}"
EndProject
Project("{FAE04EC0-301F-11D3-BF4B-00C04F79EFBC}") = "TrueCodeTest.Finance.Mappers", "src\Finance\TrueCodeTest.Finance.Mappers\TrueCodeTest.Finance.Mappers.csproj", "{FDA5DC14-B9F2-438A-8664-89F252485FF7}"
EndProject
Project("{2150E333-8FDC-42A3-9474-1A3956D46DE8}") = "Gateway", "Gateway", "{5D704890-1A9C-40D4-88D5-9FE9214ADE49}"
EndProject
Project("{FAE04EC0-301F-11D3-BF4B-00C04F79EFBC}") = "TrueCodeTest.Gateway", "src\Gateway\TrueCodeTest.Gateway\TrueCodeTest.Gateway.csproj", "{CAAE6B4A-18AF-4592-A83A-01BBC3F6DBA0}"
EndProject
Project("{2150E333-8FDC-42A3-9474-1A3956D46DE8}") = "Migrator", "Migrator", "{65686545-66D4-4B09-8ACF-AEAFD102FB9F}"
EndProject
Project("{FAE04EC0-301F-11D3-BF4B-00C04F79EFBC}") = "TrueCodeTest.Migrator", "src\Migrator\TrueCodeTest.Migrator\TrueCodeTest.Migrator.csproj", "{E03F07E4-D8E1-475E-AD1C-E54E392538A5}"
EndProject
Project("{2150E333-8FDC-42A3-9474-1A3956D46DE8}") = "Users", "Users", "{A9FA8495-EFC9-4768-B5C2-C751430DB381}"
EndProject
Project("{FAE04EC0-301F-11D3-BF4B-00C04F79EFBC}") = "TrueCodeTest.Users.Api", "src\Users\TrueCodeTest.Users.Api\TrueCodeTest.Users.Api.csproj", "{138B8926-D592-438D-AADD-08CEE61CAB20}"
EndProject
Project("{FAE04EC0-301F-11D3-BF4B-00C04F79EFBC}") = "TrueCodeTest.Users.Application", "src\Users\TrueCodeTest.Users.Application\TrueCodeTest.Users.Application.csproj", "{1C8535F3-D73B-40F4-A999-5BEDE3D15E46}"
EndProject
Project("{FAE04EC0-301F-11D3-BF4B-00C04F79EFBC}") = "TrueCodeTest.Users.Contracts", "src\Users\TrueCodeTest.Users.Contracts\TrueCodeTest.Users.Contracts.csproj", "{35D5DE68-902C-4163-9E2E-4095413D321C}"
EndProject
Project("{FAE04EC0-301F-11D3-BF4B-00C04F79EFBC}") = "TrueCodeTest.Users.Domain", "src\Users\TrueCodeTest.Users.Domain\TrueCodeTest.Users.Domain.csproj", "{D535679E-30A9-40B3-B444-09E0143D6176}"
EndProject
Project("{FAE04EC0-301F-11D3-BF4B-00C04F79EFBC}") = "TrueCodeTest.Users.Infrastructure", "src\Users\TrueCodeTest.Users.Infrastructure\TrueCodeTest.Users.Infrastructure.csproj", "{385C2B75-9639-4AA0-8551-644C3F4F458B}"
EndProject
Project("{FAE04EC0-301F-11D3-BF4B-00C04F79EFBC}") = "TrueCodeTest.Users.Mappers", "src\Users\TrueCodeTest.Users.Mappers\TrueCodeTest.Users.Mappers.csproj", "{7D63458D-20E9-481C-9093-E49E45376575}"
EndProject
Project("{2150E333-8FDC-42A3-9474-1A3956D46DE8}") = "tests", "tests", "{164AF7B2-E378-4445-8534-2D93EA8E858C}"
EndProject
Project("{FAE04EC0-301F-11D3-BF4B-00C04F79EFBC}") = "TrueCodeTest.Finance.UnitTests", "tests\TrueCodeTest.Finance.UnitTests\TrueCodeTest.Finance.UnitTests.csproj", "{75942A84-638C-48FD-A4E2-539C47ECFC17}"
EndProject
Project("{FAE04EC0-301F-11D3-BF4B-00C04F79EFBC}") = "TrueCodeTest.Users.UnitTests", "tests\TrueCodeTest.Users.UnitTests\TrueCodeTest.Users.UnitTests.csproj", "{2CCB14CF-AE8A-4656-873D-F5163F13FC7D}"
EndProject
Project("{FAE04EC0-301F-11D3-BF4B-00C04F79EFBC}") = "TrueCodeTest.Shared.Mediator", "src\Shared\TrueCodeTest.Shared.Mediator\TrueCodeTest.Shared.Mediator.csproj", "{7360B992-073C-4DA4-B415-01368DDCF36E}"
EndProject
Project("{FAE04EC0-301F-11D3-BF4B-00C04F79EFBC}") = "TrueCodeTest.Shared.Web", "src\Shared\TrueCodeTest.Shared.Web\TrueCodeTest.Shared.Web.csproj", "{8A40E520-0D10-48A9-BD1C-3A1179ADAA52}"
EndProject
Global
	GlobalSection(SolutionConfigurationPlatforms) = preSolution
		Debug|Any CPU = Debug|Any CPU
		Release|Any CPU = Release|Any CPU
	EndGlobalSection
	GlobalSection(SolutionProperties) = preSolution
		HideSolutionNode = FALSE
	EndGlobalSection
	GlobalSection(ProjectConfigurationPlatforms) = postSolution
		{AEF8EEC4-5023-4B77-8BFF-6B6600768A29}.Debug|Any CPU.ActiveCfg = Debug|Any CPU
		{AEF8EEC4-5023-4B77-8BFF-6B6600768A29}.Debug|Any CPU.Build.0 = Debug|Any CPU
		{AEF8EEC4-5023-4B77-8BFF-6B6600768A29}.Release|Any CPU.ActiveCfg = Release|Any CPU
		{AEF8EEC4-5023-4B77-8BFF-6B6600768A29}.Release|Any CPU.Build.0 = Release|Any CPU
		{63FFD081-CC05-4816-8A4D-3B98899D6B11}.Debug|Any CPU.ActiveCfg = Debug|Any CPU
		{63FFD081-CC05-4816-8A4D-3B98899D6B11}.Debug|Any CPU.Build.0 = Debug|Any CPU
		{63FFD081-CC05-4816-8A4D-3B98899D6B11}.Release|Any CPU.ActiveCfg = Release|Any CPU
		{63FFD081-CC05-4816-8A4D-3B98899D6B11}.Release|Any CPU.Build.0 = Release|Any CPU
		{28C85B97-D1ED-426B-8A87-DD58A7632D0A}.Debug|Any CPU.ActiveCfg = Debug|Any CPU
		{28C85B97-D1ED-426B-8A87-DD58A7632D0A}.Debug|Any CPU.Build.0 = Debug|Any CPU
		{28C85B97-D1ED-426B-8A87-DD58A7632D0A}.Release|Any CPU.ActiveCfg = Release|Any CPU
		{28C85B97-D1ED-426B-8A87-DD58A7632D0A}.Release|Any CPU.Build.0 = Release|Any CPU
		{1DC0F34A-9CF2-4F4D-B824-FA1D6F1C14CF}.Debug|Any CPU.ActiveCfg = Debug|Any CPU
		{1DC0F34A-9CF2-4F4D-B824-FA1D6F1C14CF}.Debug|Any CPU.Build.0 = Debug|Any CPU
		{1DC0F34A-9CF2-4F4D-B824-FA1D6F1C14CF}.Release|Any CPU.ActiveCfg = Release|Any CPU
		{1DC0F34A-9CF2-4F4D-B824-FA1D6F1C14CF}.Release|Any CPU.Build.0 = Release|Any CPU
		{3643DCAD-FD00-48B4-B737-DE90B7803B1E}.Debug|Any CPU.ActiveCfg = Debug|Any CPU
		{3643DCAD-FD00-48B4-B737-DE90B7803B1E}.Debug|Any CPU.Build.0 = Debug|Any CPU
		{3643DCAD-FD00-48B4-B737-DE90B7803B1E}.Release|Any CPU.ActiveCfg = Release|Any CPU
		{3643DCAD-FD00-48B4-B737-DE90B7803B1E}.Release|Any CPU.Build.0 = Release|Any CPU
		{638ACA60-2925-4A58-999E-7BAF74AED636}.Debug|Any CPU.ActiveCfg = Debug|Any CPU
		{638ACA60-2925-4A58-999E-7BAF74AED636}.Debug|Any CPU.Build.0 = Debug|Any CPU
		{638ACA60-2925-4A58-999E-7BAF74AED636}.Release|Any CPU.ActiveCfg = Release|Any CPU
		{638ACA60-2925-4A58-999E-7BAF74AED636}.Release|Any CPU.Build.0 = Release|Any CPU
		{D980939B-F7E3-4460-BB4A-6B262FAD2738}.Debug|Any CPU.ActiveCfg = Debug|Any CPU
		{D980939B-F7E3-4460-BB4A-6B262FAD2738}.Debug|Any CPU.Build.0 = Debug|Any CPU
		{D980939B-F7E3-4460-BB4A-6B262FAD2738}.Release|Any CPU.ActiveCfg = Release|Any CPU
		{D980939B-F7E3-4460-BB4A-6B262FAD2738}.Release|Any CPU.Build.0 = Release|Any CPU
		{1A4F835E-48B4-43E2-AF1C-18B5C0B2B0EB}.Debug|Any CPU.ActiveCfg = Debug|Any CPU
		{1A4F835E-48B4-43E2-AF1C-18B5C0B2B0EB}.Debug|Any CPU.Build.0 = Debug|Any CPU
		{1A4F835E-48B4-43E2-AF1C-18B5C0B2B0EB}.Release|Any CPU.ActiveCfg = Release|Any CPU
		{1A4F835E-48B4-43E2-AF1C-18B5C0B2B0EB}.Release|Any CPU.Build.0 = Release|Any CPU
		{1219EAE5-F3AA-4A44-8855-95AD88A71A69}.Debug|Any CPU.ActiveCfg = Debug|Any CPU
		{1219EAE5-F3AA-4A44-8855-95AD88A71A69}.Debug|Any CPU.Build.0 = Debug|Any CPU
		{1219EAE5-F3AA-4A44-8855-95AD88A71A69}.Release|Any CPU.ActiveCfg = Release|Any CPU
		{1219EAE5-F3AA-4A44-8855-95AD88A71A69}.Release|Any CPU.Build.0 = Release|Any CPU
		{FDA5DC14-B9F2-438A-8664-89F252485FF7}.Debug|Any CPU.ActiveCfg = Debug|Any CPU
		{FDA5DC14-B9F2-438A-8664-89F252485FF7}.Debug|Any CPU.Build.0 = Debug|Any CPU
		{FDA5DC14-B9F2-438A-8664-89F252485FF7}.Release|Any CPU.ActiveCfg = Release|Any CPU
		{FDA5DC14-B9F2-438A-8664-89F252485FF7}.Release|Any CPU.Build.0 = Release|Any CPU
		{CAAE6B4A-18AF-4592-A83A-01BBC3F6DBA0}.Debug|Any CPU.ActiveCfg = Debug|Any CPU
		{CAAE6B4A-18AF-4592-A83A-01BBC3F6DBA0}.Debug|Any CPU.Build.0 = Debug|Any CPU
		{CAAE6B4A-18AF-4592-A83A-01BBC3F6DBA0}.Release|Any CPU.ActiveCfg = Release|Any CPU
		{CAAE6B4A-18AF-4592-A83A-01BBC3F6DBA0}.Release|Any CPU.Build.0 = Release|Any CPU
		{E03F07E4-D8E1-475E-AD1C-E54E392538A5}.Debug|Any CPU.ActiveCfg = Debug|Any CPU
		{E03F07E4-D8E1-475E-AD1C-E54E392538A5}.Debug|Any CPU.Build.0 = Debug|Any CPU
		{E03F07E4-D8E1-475E-AD1C-E54E392538A5}.Release|Any CPU.ActiveCfg = Release|Any CPU
		{E03F07E4-D8E1-475E-AD1C-E54E392538A5}.Release|Any CPU.Build.0 = Release|Any CPU
		{138B8926-D592-438D-AADD-08CEE61CAB20}.Debug|Any CPU.ActiveCfg = Debug|Any CPU
		{138B8926-D592-438D-AADD-08CEE61CAB20}.Debug|Any CPU.Build.0 = Debug|Any CPU
		{138B8926-D592-438D-AADD-08CEE61CAB20}.Release|Any CPU.ActiveCfg = Release|Any CPU
		{138B8926-D592-438D-AADD-08CEE61CAB20}.Release|Any CPU.Build.0 = Release|Any CPU
		{1C8535F3-D73B-40F4-A999-5BEDE3D15E46}.Debug|Any CPU.ActiveCfg = Debug|Any CPU
		{1C8535F3-D73B-40F4-A999-5BEDE3D15E46}.Debug|Any CPU.Build.0 = Debug|Any CPU
		{1C8535F3-D73B-40F4-A999-5BEDE3D15E46}.Release|Any CPU.ActiveCfg = Release|Any CPU
		{1C8535F3-D73B-40F4-A999-5BEDE3D15E46}.Release|Any CPU.Build.0 = Release|Any CPU
		{35D5DE68-902C-4163-9E2E-4095413D321C}.Debug|Any CPU.ActiveCfg = Debug|Any CPU
		{35D5DE68-902C-4163-9E2E-4095413D321C}.Debug|Any CPU.Build.0 = Debug|Any CPU
		{35D5DE68-902C-4163-9E2E-4095413D321C}.Release|Any CPU.ActiveCfg = Release|Any CPU
		{35D5DE68-902C-4163-9E2E-4095413D321C}.Release|Any CPU.Build.0 = Release|Any CPU
		{D535679E-30A9-40B3-B444-09E0143D6176}.Debug|Any CPU.ActiveCfg = Debug|Any CPU
		{D535679E-30A9-40B3-B444-09E0143D6176}.Debug|Any CPU.Build.0 = Debug|Any CPU
		{D535679E-30A9-40B3-B444-09E0143D6176}.Release|Any CPU.ActiveCfg = Release|Any CPU
		{D535679E-30A9-40B3-B444-09E0143D6176}.Release|Any CPU.Build.0 = Release|Any CPU
		{385C2B75-9639-4AA0-8551-644C3F4F458B}.Debug|Any CPU.ActiveCfg = Debug|Any CPU
		{385C2B75-9639-4AA0-8551-644C3F4F458B}.Debug|Any CPU.Build.0 = Debug|Any CPU
		{385C2B75-9639-4AA0-8551-644C3F4F458B}.Release|Any CPU.ActiveCfg = Release|Any CPU
		{385C2B75-9639-4AA0-8551-644C3F4F458B}.Release|Any CPU.Build.0 = Release|Any CPU
		{7D63458D-20E9-481C-9093-E49E45376575}.Debug|Any CPU.ActiveCfg = Debug|Any CPU
		{7D63458D-20E9-481C-9093-E49E45376575}.Debug|Any CPU.Build.0 = Debug|Any CPU
		{7D63458D-20E9-481C-9093-E49E45376575}.Release|Any CPU.ActiveCfg = Release|Any CPU
		{7D63458D-20E9-481C-9093-E49E45376575}.Release|Any CPU.Build.0 = Release|Any CPU
		{75942A84-638C-48FD-A4E2-539C47ECFC17}.Debug|Any CPU.ActiveCfg = Debug|Any CPU
		{75942A84-638C-48FD-A4E2-539C47ECFC17}.Debug|Any CPU.Build.0 = Debug|Any CPU
		{75942A84-638C-48FD-A4E2-539C47ECFC17}.Release|Any CPU.ActiveCfg = Release|Any CPU
		{75942A84-638C-48FD-A4E2-539C47ECFC17}.Release|Any CPU.Build.0 = Release|Any CPU
		{2CCB14CF-AE8A-4656-873D-F5163F13FC7D}.Debug|Any CPU.ActiveCfg = Debug|Any CPU
		{2CCB14CF-AE8A-4656-873D-F5163F13FC7D}.Debug|Any CPU.Build.0 = Debug|Any CPU
		{2CCB14CF-AE8A-4656-873D-F5163F13FC7D}.Release|Any CPU.ActiveCfg = Release|Any CPU
		{2CCB14CF-AE8A-4656-873D-F5163F13FC7D}.Release|Any CPU.Build.0 = Release|Any CPU
		{7360B992-073C-4DA4-B415-01368DDCF36E}.Debug|Any CPU.ActiveCfg = Debug|Any CPU
		{7360B992-073C-4DA4-B415-01368DDCF36E}.Debug|Any CPU.Build.0 = Debug|Any CPU
		{7360B992-073C-4DA4-B415-01368DDCF36E}.Release|Any CPU.ActiveCfg = Release|Any CPU
		{7360B992-073C-4DA4-B415-01368DDCF36E}.Release|Any CPU.Build.0 = Release|Any CPU
		{8A40E520-0D10-48A9-BD1C-3A1179ADAA52}.Debug|Any CPU.ActiveCfg = Debug|Any CPU
		{8A40E520-0D10-48A9-BD1C-3A1179ADAA52}.Debug|Any CPU.Build.0 = Debug|Any CPU
		{8A40E520-0D10-48A9-BD1C-3A1179ADAA52}.Release|Any CPU.ActiveCfg = Release|Any CPU
		{8A40E520-0D10-48A9-BD1C-3A1179ADAA52}.Release|Any CPU.Build.0 = Release|Any CPU
	EndGlobalSection
	GlobalSection(NestedProjects) = preSolution
		{472DDC07-46E6-4182-B198-DFC65AD3ABF5} = {C3C9619A-5769-4D1F-A1B7-4A52F435775B}
		{AEF8EEC4-5023-4B77-8BFF-6B6600768A29} = {472DDC07-46E6-4182-B198-DFC65AD3ABF5}
		{63FFD081-CC05-4816-8A4D-3B98899D6B11} = {472DDC07-46E6-4182-B198-DFC65AD3ABF5}
		{28C85B97-D1ED-426B-8A87-DD58A7632D0A} = {472DDC07-46E6-4182-B198-DFC65AD3ABF5}
		{2B36DA20-00D4-48B4-B395-6227444EE603} = {C3C9619A-5769-4D1F-A1B7-4A52F435775B}
		{1DC0F34A-9CF2-4F4D-B824-FA1D6F1C14CF} = {2B36DA20-00D4-48B4-B395-6227444EE603}
		{BD497B33-1EBB-4A59-A090-0614E515A974} = {C3C9619A-5769-4D1F-A1B7-4A52F435775B}
		{3643DCAD-FD00-48B4-B737-DE90B7803B1E} = {BD497B33-1EBB-4A59-A090-0614E515A974}
		{638ACA60-2925-4A58-999E-7BAF74AED636} = {BD497B33-1EBB-4A59-A090-0614E515A974}
		{D980939B-F7E3-4460-BB4A-6B262FAD2738} = {BD497B33-1EBB-4A59-A090-0614E515A974}
		{1A4F835E-48B4-43E2-AF1C-18B5C0B2B0EB} = {BD497B33-1EBB-4A59-A090-0614E515A974}
		{1219EAE5-F3AA-4A44-8855-95AD88A71A69} = {BD497B33-1EBB-4A59-A090-0614E515A974}
		{FDA5DC14-B9F2-438A-8664-89F252485FF7} = {BD497B33-1EBB-4A59-A090-0614E515A974}
		{5D704890-1A9C-40D4-88D5-9FE9214ADE49} = {C3C9619A-5769-4D1F-A1B7-4A52F435775B}
		{CAAE6B4A-18AF-4592-A83A-01BBC3F6DBA0} = {5D704890-1A9C-40D4-88D5-9FE9214ADE49}
		{65686545-66D4-4B09-8ACF-AEAFD102FB9F} = {C3C9619A-5769-4D1F-A1B7-4A52F435775B}
		{E03F07E4-D8E1-475E-AD1C-E54E392538A5} = {65686545-66D4-4B09-8ACF-AEAFD102FB9F}
		{A9FA8495-EFC9-4768-B5C2-C751430DB381} = {C3C9619A-5769-4D1F-A1B7-4A52F435775B}
		{138B8926-D592-438D-AADD-08CEE61CAB20} = {A9FA8495-EFC9-4768-B5C2-C751430DB381}
		{1C8535F3-D73B-40F4-A999-5BEDE3D15E46} = {A9FA8495-EFC9-4768-B5C2-C751430DB381}
		{35D5DE68-902C-4163-9E2E-4095413D321C} = {A9FA8495-EFC9-4768-B5C2-C751430DB381}
		{D535679E-30A9-40B3-B444-09E0143D6176} = {A9FA8495-EFC9-4768-B5C2-C751430DB381}
		{385C2B75-9639-4AA0-8551-644C3F4F458B} = {A9FA8495-EFC9-4768-B5C2-C751430DB381}
		{7D63458D-20E9-481C-9093-E49E45376575} = {A9FA8495-EFC9-4768-B5C2-C751430DB381}
		{75942A84-638C-48FD-A4E2-539C47ECFC17} = {164AF7B2-E378-4445-8534-2D93EA8E858C}
		{2CCB14CF-AE8A-4656-873D-F5163F13FC7D} = {164AF7B2-E378-4445-8534-2D93EA8E858C}
		{7360B992-073C-4DA4-B415-01368DDCF36E} = {472DDC07-46E6-4182-B198-DFC65AD3ABF5}
		{8A40E520-0D10-48A9-BD1C-3A1179ADAA52} = {472DDC07-46E6-4182-B198-DFC65AD3ABF5}
	EndGlobalSection
EndGlobal
